
Microsoft Visual Studio Solution File, Format Version 12.00
# Visual Studio 15
VisualStudioVersion = 15.0.28307.572
MinimumVisualStudioVersion = 10.0.40219.1
Project("{8BC9CEB8-8B4A-11D0-8D11-00A0C91BC942}") = "Trello2Monthly_Server", "Trello2Monthly_Server\Trello2Monthly_Server.vcxproj", "{4B35D8E3-BD1F-423B-A9B3-666864EB6B93}"
EndProject
Project("{8BC9CEB8-8B4A-11D0-8D11-00A0C91BC942}") = "Trello2Monthly_Client", "Trello2Monthly_Client\Trello2Monthly_Client.vcxproj", "{40E7EA43-C56B-4CA7-A60C-21856FDE972C}"
EndProject
Global
	GlobalSection(SolutionConfigurationPlatforms) = preSolution
		Debug|x64 = Debug|x64
		Debug|x86 = Debug|x86
		Release|x64 = Release|x64
		Release|x86 = Release|x86
	EndGlobalSection
	GlobalSection(ProjectConfigurationPlatforms) = postSolution
		{4B35D8E3-BD1F-423B-A9B3-666864EB6B93}.Debug|x64.ActiveCfg = Debug|x64
		{4B35D8E3-BD1F-423B-A9B3-666864EB6B93}.Debug|x64.Build.0 = Debug|x64
		{4B35D8E3-BD1F-423B-A9B3-666864EB6B93}.Debug|x86.ActiveCfg = Debug|Win32
		{4B35D8E3-BD1F-423B-A9B3-666864EB6B93}.Debug|x86.Build.0 = Debug|Win32
		{4B35D8E3-BD1F-423B-A9B3-666864EB6B93}.Release|x64.ActiveCfg = Release|x64
		{4B35D8E3-BD1F-423B-A9B3-666864EB6B93}.Release|x64.Build.0 = Release|x64
		{4B35D8E3-BD1F-423B-A9B3-666864EB6B93}.Release|x86.ActiveCfg = Release|Win32
		{4B35D8E3-BD1F-423B-A9B3-666864EB6B93}.Release|x86.Build.0 = Release|Win32
		{40E7EA43-C56B-4CA7-A60C-21856FDE972C}.Debug|x64.ActiveCfg = Debug|x64
		{40E7EA43-C56B-4CA7-A60C-21856FDE972C}.Debug|x64.Build.0 = Debug|x64
		{40E7EA43-C56B-4CA7-A60C-21856FDE972C}.Debug|x86.ActiveCfg = Debug|Win32
		{40E7EA43-C56B-4CA7-A60C-21856FDE972C}.Debug|x86.Build.0 = Debug|Win32
		{40E7EA43-C56B-4CA7-A60C-21856FDE972C}.Release|x64.ActiveCfg = Release|x64
		{40E7EA43-C56B-4CA7-A60C-21856FDE972C}.Release|x64.Build.0 = Release|x64
		{40E7EA43-C56B-4CA7-A60C-21856FDE972C}.Release|x86.ActiveCfg = Release|Win32
		{40E7EA43-C56B-4CA7-A60C-21856FDE972C}.Release|x86.Build.0 = Release|Win32
	EndGlobalSection
	GlobalSection(SolutionProperties) = preSolution
		HideSolutionNode = FALSE
	EndGlobalSection
	GlobalSection(ExtensibilityGlobals) = postSolution
		SolutionGuid = {62C58444-6FFC-45F4-B0D2-817B15A2230D}
	EndGlobalSection
EndGlobal
